// !$*UTF8*$!
{
	archiveVersion = 1;
	classes = {
	};
	objectVersion = 46;
	objects = {

/* Begin PBXBuildFile section */
		1959523E1BE643DA001237B2 /* AppDelegate.swift in Sources */ = {isa = PBXBuildFile; fileRef = 1959523D1BE643DA001237B2 /* AppDelegate.swift */; };
		195952401BE643DA001237B2 /* ViewController.swift in Sources */ = {isa = PBXBuildFile; fileRef = 1959523F1BE643DA001237B2 /* ViewController.swift */; };
		195952431BE643DA001237B2 /* Main.storyboard in Resources */ = {isa = PBXBuildFile; fileRef = 195952411BE643DA001237B2 /* Main.storyboard */; };
		195952451BE643DA001237B2 /* Images.xcassets in Resources */ = {isa = PBXBuildFile; fileRef = 195952441BE643DA001237B2 /* Images.xcassets */; };
		195952481BE643DA001237B2 /* LaunchScreen.xib in Resources */ = {isa = PBXBuildFile; fileRef = 195952461BE643DA001237B2 /* LaunchScreen.xib */; };
		195952541BE643DA001237B2 /* DreamNoteTests.swift in Sources */ = {isa = PBXBuildFile; fileRef = 195952531BE643DA001237B2 /* DreamNoteTests.swift */; };
/* End PBXBuildFile section */

/* Begin PBXContainerItemProxy section */
		1959524E1BE643DA001237B2 /* PBXContainerItemProxy */ = {
			isa = PBXContainerItemProxy;
			containerPortal = 195952301BE643DA001237B2 /* Project object */;
			proxyType = 1;
			remoteGlobalIDString = 195952371BE643DA001237B2;
			remoteInfo = DreamNote;
		};
/* End PBXContainerItemProxy section */

/* Begin PBXFileReference section */
		195952381BE643DA001237B2 /* DreamNote.app */ = {isa = PBXFileReference; explicitFileType = wrapper.application; includeInIndex = 0; path = DreamNote.app; sourceTree = BUILT_PRODUCTS_DIR; };
		1959523C1BE643DA001237B2 /* Info.plist */ = {isa = PBXFileReference; lastKnownFileType = text.plist.xml; path = Info.plist; sourceTree = "<group>"; };
		1959523D1BE643DA001237B2 /* AppDelegate.swift */ = {isa = PBXFileReference; lastKnownFileType = sourcecode.swift; path = AppDelegate.swift; sourceTree = "<group>"; };
		1959523F1BE643DA001237B2 /* ViewController.swift */ = {isa = PBXFileReference; lastKnownFileType = sourcecode.swift; path = ViewController.swift; sourceTree = "<group>"; };
		195952421BE643DA001237B2 /* Base */ = {isa = PBXFileReference; lastKnownFileType = file.storyboard; name = Base; path = Base.lproj/Main.storyboard; sourceTree = "<group>"; };
		195952441BE643DA001237B2 /* Images.xcassets */ = {isa = PBXFileReference; lastKnownFileType = folder.assetcatalog; path = Images.xcassets; sourceTree = "<group>"; };
		195952471BE643DA001237B2 /* Base */ = {isa = PBXFileReference; lastKnownFileType = file.xib; name = Base; path = Base.lproj/LaunchScreen.xib; sourceTree = "<group>"; };
		1959524D1BE643DA001237B2 /* DreamNoteTests.xctest */ = {isa = PBXFileReference; explicitFileType = wrapper.cfbundle; includeInIndex = 0; path = DreamNoteTests.xctest; sourceTree = BUILT_PRODUCTS_DIR; };
		195952521BE643DA001237B2 /* Info.plist */ = {isa = PBXFileReference; lastKnownFileType = text.plist.xml; path = Info.plist; sourceTree = "<group>"; };
		195952531BE643DA001237B2 /* DreamNoteTests.swift */ = {isa = PBXFileReference; lastKnownFileType = sourcecode.swift; path = DreamNoteTests.swift; sourceTree = "<group>"; };
/* End PBXFileReference section */

/* Begin PBXFrameworksBuildPhase section */
		195952351BE643DA001237B2 /* Frameworks */ = {
			isa = PBXFrameworksBuildPhase;
			buildActionMask = 2147483647;
			files = (
			);
			runOnlyForDeploymentPostprocessing = 0;
		};
		1959524A1BE643DA001237B2 /* Frameworks */ = {
			isa = PBXFrameworksBuildPhase;
			buildActionMask = 2147483647;
			files = (
			);
			runOnlyForDeploymentPostprocessing = 0;
		};
/* End PBXFrameworksBuildPhase section */

/* Begin PBXGroup section */
		1959522F1BE643DA001237B2 = {
			isa = PBXGroup;
			children = (
				1959523A1BE643DA001237B2 /* DreamNote */,
				195952501BE643DA001237B2 /* DreamNoteTests */,
				195952391BE643DA001237B2 /* Products */,
			);
			sourceTree = "<group>";
		};
		195952391BE643DA001237B2 /* Products */ = {
			isa = PBXGroup;
			children = (
				195952381BE643DA001237B2 /* DreamNote.app */,
				1959524D1BE643DA001237B2 /* DreamNoteTests.xctest */,
			);
			name = Products;
			sourceTree = "<group>";
		};
		1959523A1BE643DA001237B2 /* DreamNote */ = {
			isa = PBXGroup;
			children = (
				1959523D1BE643DA001237B2 /* AppDelegate.swift */,
				1959523F1BE643DA001237B2 /* ViewController.swift */,
				195952411BE643DA001237B2 /* Main.storyboard */,
				195952441BE643DA001237B2 /* Images.xcassets */,
				195952461BE643DA001237B2 /* LaunchScreen.xib */,
				1959523B1BE643DA001237B2 /* Supporting Files */,
			);
			path = DreamNote;
			sourceTree = "<group>";
		};
		1959523B1BE643DA001237B2 /* Supporting Files */ = {
			isa = PBXGroup;
			children = (
				1959523C1BE643DA001237B2 /* Info.plist */,
			);
			name = "Supporting Files";
			sourceTree = "<group>";
		};
		195952501BE643DA001237B2 /* DreamNoteTests */ = {
			isa = PBXGroup;
			children = (
				195952531BE643DA001237B2 /* DreamNoteTests.swift */,
				195952511BE643DA001237B2 /* Supporting Files */,
			);
			path = DreamNoteTests;
			sourceTree = "<group>";
		};
		195952511BE643DA001237B2 /* Supporting Files */ = {
			isa = PBXGroup;
			children = (
				195952521BE643DA001237B2 /* Info.plist */,
			);
			name = "Supporting Files";
			sourceTree = "<group>";
		};
/* End PBXGroup section */

/* Begin PBXNativeTarget section */
		195952371BE643DA001237B2 /* DreamNote */ = {
			isa = PBXNativeTarget;
			buildConfigurationList = 195952571BE643DA001237B2 /* Build configuration list for PBXNativeTarget "DreamNote" */;
			buildPhases = (
				195952341BE643DA001237B2 /* Sources */,
				195952351BE643DA001237B2 /* Frameworks */,
				195952361BE643DA001237B2 /* Resources */,
			);
			buildRules = (
			);
			dependencies = (
			);
			name = DreamNote;
			productName = DreamNote;
			productReference = 195952381BE643DA001237B2 /* DreamNote.app */;
			productType = "com.apple.product-type.application";
		};
		1959524C1BE643DA001237B2 /* DreamNoteTests */ = {
			isa = PBXNativeTarget;
			buildConfigurationList = 1959525A1BE643DA001237B2 /* Build configuration list for PBXNativeTarget "DreamNoteTests" */;
			buildPhases = (
				195952491BE643DA001237B2 /* Sources */,
				1959524A1BE643DA001237B2 /* Frameworks */,
				1959524B1BE643DA001237B2 /* Resources */,
			);
			buildRules = (
			);
			dependencies = (
				1959524F1BE643DA001237B2 /* PBXTargetDependency */,
			);
			name = DreamNoteTests;
			productName = DreamNoteTests;
			productReference = 1959524D1BE643DA001237B2 /* DreamNoteTests.xctest */;
			productType = "com.apple.product-type.bundle.unit-test";
		};
/* End PBXNativeTarget section */

/* Begin PBXProject section */
		195952301BE643DA001237B2 /* Project object */ = {
			isa = PBXProject;
			attributes = {
				LastUpgradeCheck = 0630;
				ORGANIZATIONNAME = "紫气东来";
				TargetAttributes = {
					195952371BE643DA001237B2 = {
						CreatedOnToolsVersion = 6.3.1;
					};
					1959524C1BE643DA001237B2 = {
						CreatedOnToolsVersion = 6.3.1;
						TestTargetID = 195952371BE643DA001237B2;
					};
				};
			};
			buildConfigurationList = 195952331BE643DA001237B2 /* Build configuration list for PBXProject "DreamNote" */;
			compatibilityVersion = "Xcode 3.2";
			developmentRegion = English;
			hasScannedForEncodings = 0;
			knownRegions = (
				en,
				Base,
			);
			mainGroup = 1959522F1BE643DA001237B2;
			productRefGroup = 195952391BE643DA001237B2 /* Products */;
			projectDirPath = "";
			projectRoot = "";
			targets = (
				195952371BE643DA001237B2 /* DreamNote */,
				1959524C1BE643DA001237B2 /* DreamNoteTests */,
			);
		};
/* End PBXProject section */

/* Begin PBXResourcesBuildPhase section */
		195952361BE643DA001237B2 /* Resources */ = {
			isa = PBXResourcesBuildPhase;
			buildActionMask = 2147483647;
			files = (
				195952431BE643DA001237B2 /* Main.storyboard in Resources */,
				195952481BE643DA001237B2 /* LaunchScreen.xib in Resources */,
				195952451BE643DA001237B2 /* Images.xcassets in Resources */,
			);
			runOnlyForDeploymentPostprocessing = 0;
		};
		1959524B1BE643DA001237B2 /* Resources */ = {
			isa = PBXResourcesBuildPhase;
			buildActionMask = 2147483647;
			files = (
			);
			runOnlyForDeploymentPostprocessing = 0;
		};
/* End PBXResourcesBuildPhase section */

/* Begin PBXSourcesBuildPhase section */
		195952341BE643DA001237B2 /* Sources */ = {
			isa = PBXSourcesBuildPhase;
			buildActionMask = 2147483647;
			files = (
				195952401BE643DA001237B2 /* ViewController.swift in Sources */,
				1959523E1BE643DA001237B2 /* AppDelegate.swift in Sources */,
			);
			runOnlyForDeploymentPostprocessing = 0;
		};
		195952491BE643DA001237B2 /* Sources */ = {
			isa = PBXSourcesBuildPhase;
			buildActionMask = 2147483647;
			files = (
				195952541BE643DA001237B2 /* DreamNoteTests.swift in Sources */,
			);
			runOnlyForDeploymentPostprocessing = 0;
		};
/* End PBXSourcesBuildPhase section */

/* Begin PBXTargetDependency section */
		1959524F1BE643DA001237B2 /* PBXTargetDependency */ = {
			isa = PBXTargetDependency;
			target = 195952371BE643DA001237B2 /* DreamNote */;
			targetProxy = 1959524E1BE643DA001237B2 /* PBXContainerItemProxy */;
		};
/* End PBXTargetDependency section */

/* Begin PBXVariantGroup section */
		195952411BE643DA001237B2 /* Main.storyboard */ = {
			isa = PBXVariantGroup;
			children = (
				195952421BE643DA001237B2 /* Base */,
			);
			name = Main.storyboard;
			sourceTree = "<group>";
		};
		195952461BE643DA001237B2 /* LaunchScreen.xib */ = {
			isa = PBXVariantGroup;
			children = (
				195952471BE643DA001237B2 /* Base */,
			);
			name = LaunchScreen.xib;
			sourceTree = "<group>";
		};
/* End PBXVariantGroup section */

/* Begin XCBuildConfiguration section */
		195952551BE643DA001237B2 /* Debug */ = {
			isa = XCBuildConfiguration;
			buildSettings = {
				ALWAYS_SEARCH_USER_PATHS = NO;
				CLANG_CXX_LANGUAGE_STANDARD = "gnu++0x";
				CLANG_CXX_LIBRARY = "libc++";
				CLANG_ENABLE_MODULES = YES;
				CLANG_ENABLE_OBJC_ARC = YES;
				CLANG_WARN_BOOL_CONVERSION = YES;
				CLANG_WARN_CONSTANT_CONVERSION = YES;
				CLANG_WARN_DIRECT_OBJC_ISA_USAGE = YES_ERROR;
				CLANG_WARN_EMPTY_BODY = YES;
				CLANG_WARN_ENUM_CONVERSION = YES;
				CLANG_WARN_INT_CONVERSION = YES;
				CLANG_WARN_OBJC_ROOT_CLASS = YES_ERROR;
				CLANG_WARN_UNREACHABLE_CODE = YES;
				CLANG_WARN__DUPLICATE_METHOD_MATCH = YES;
				"CODE_SIGN_IDENTITY[sdk=iphoneos*]" = "iPhone Developer";
				COPY_PHASE_STRIP = NO;
				DEBUG_INFORMATION_FORMAT = "dwarf-with-dsym";
				ENABLE_STRICT_OBJC_MSGSEND = YES;
				GCC_C_LANGUAGE_STANDARD = gnu99;
				GCC_DYNAMIC_NO_PIC = NO;
				GCC_NO_COMMON_BLOCKS = YES;
				GCC_OPTIMIZATION_LEVEL = 0;
				GCC_PREPROCESSOR_DEFINITIONS = (
					"DEBUG=1",
					"$(inherited)",
				);
				GCC_SYMBOLS_PRIVATE_EXTERN = NO;
				GCC_WARN_64_TO_32_BIT_CONVERSION = YES;
				GCC_WARN_ABOUT_RETURN_TYPE = YES_ERROR;
				GCC_WARN_UNDECLARED_SELECTOR = YES;
				GCC_WARN_UNINITIALIZED_AUTOS = YES_AGGRESSIVE;
				GCC_WARN_UNUSED_FUNCTION = YES;
				GCC_WARN_UNUSED_VARIABLE = YES;
				IPHONEOS_DEPLOYMENT_TARGET = 8.3;
				MTL_ENABLE_DEBUG_INFO = YES;
				ONLY_ACTIVE_ARCH = YES;
				SDKROOT = iphoneos;
				SWIFT_OPTIMIZATION_LEVEL = "-Onone";
			};
			name = Debug;
		};
		195952561BE643DA001237B2 /* Release */ = {
			isa = XCBuildConfiguration;
			buildSettings = {
				ALWAYS_SEARCH_USER_PATHS = NO;
				CLANG_CXX_LANGUAGE_STANDARD = "gnu++0x";
				CLANG_CXX_LIBRARY = "libc++";
				CLANG_ENABLE_MODULES = YES;
				CLANG_ENABLE_OBJC_ARC = YES;
				CLANG_WARN_BOOL_CONVERSION = YES;
				CLANG_WARN_CONSTANT_CONVERSION = YES;
				CLANG_WARN_DIRECT_OBJC_ISA_USAGE = YES_ERROR;
				CLANG_WARN_EMPTY_BODY = YES;
				CLANG_WARN_ENUM_CONVERSION = YES;
				CLANG_WARN_INT_CONVERSION = YES;
				CLANG_WARN_OBJC_ROOT_CLASS = YES_ERROR;
				CLANG_WARN_UNREACHABLE_CODE = YES;
				CLANG_WARN__DUPLICATE_METHOD_MATCH = YES;
				"CODE_SIGN_IDENTITY[sdk=iphoneos*]" = "iPhone Developer";
				COPY_PHASE_STRIP = NO;
				DEBUG_INFORMATION_FORMAT = "dwarf-with-dsym";
				ENABLE_NS_ASSERTIONS = NO;
				ENABLE_STRICT_OBJC_MSGSEND = YES;
				GCC_C_LANGUAGE_STANDARD = gnu99;
				GCC_NO_COMMON_BLOCKS = YES;
				GCC_WARN_64_TO_32_BIT_CONVERSION = YES;
				GCC_WARN_ABOUT_RETURN_TYPE = YES_ERROR;
				GCC_WARN_UNDECLARED_SELECTOR = YES;
				GCC_WARN_UNINITIALIZED_AUTOS = YES_AGGRESSIVE;
				GCC_WARN_UNUSED_FUNCTION = YES;
				GCC_WARN_UNUSED_VARIABLE = YES;
				IPHONEOS_DEPLOYMENT_TARGET = 8.3;
				MTL_ENABLE_DEBUG_INFO = NO;
				SDKROOT = iphoneos;
				VALIDATE_PRODUCT = YES;
			};
			name = Release;
		};
		195952581BE643DA001237B2 /* Debug */ = {
			isa = XCBuildConfiguration;
			buildSettings = {
				ASSETCATALOG_COMPILER_APPICON_NAME = AppIcon;
				INFOPLIST_FILE = DreamNote/Info.plist;
				LD_RUNPATH_SEARCH_PATHS = "$(inherited) @executable_path/Frameworks";
				PRODUCT_NAME = "$(TARGET_NAME)";
			};
			name = Debug;
		};
		195952591BE643DA001237B2 /* Release */ = {
			isa = XCBuildConfiguration;
			buildSettings = {
				ASSETCATALOG_COMPILER_APPICON_NAME = AppIcon;
				INFOPLIST_FILE = DreamNote/Info.plist;
				LD_RUNPATH_SEARCH_PATHS = "$(inherited) @executable_path/Frameworks";
				PRODUCT_NAME = "$(TARGET_NAME)";
			};
			name = Release;
		};
		1959525B1BE643DA001237B2 /* Debug */ = {
			isa = XCBuildConfiguration;
			buildSettings = {
				BUNDLE_LOADER = "$(TEST_HOST)";
				FRAMEWORK_SEARCH_PATHS = (
					"$(SDKROOT)/Developer/Library/Frameworks",
					"$(inherited)",
				);
				GCC_PREPROCESSOR_DEFINITIONS = (
					"DEBUG=1",
					"$(inherited)",
				);
				INFOPLIST_FILE = DreamNoteTests/Info.plist;
				LD_RUNPATH_SEARCH_PATHS = "$(inherited) @executable_path/Frameworks @loader_path/Frameworks";
				PRODUCT_NAME = "$(TARGET_NAME)";
				TEST_HOST = "$(BUILT_PRODUCTS_DIR)/DreamNote.app/DreamNote";
			};
			name = Debug;
		};
		1959525C1BE643DA001237B2 /* Release */ = {
			isa = XCBuildConfiguration;
			buildSettings = {
				BUNDLE_LOADER = "$(TEST_HOST)";
				FRAMEWORK_SEARCH_PATHS = (
					"$(SDKROOT)/Developer/Library/Frameworks",
					"$(inherited)",
				);
				INFOPLIST_FILE = DreamNoteTests/Info.plist;
				LD_RUNPATH_SEARCH_PATHS = "$(inherited) @executable_path/Frameworks @loader_path/Frameworks";
				PRODUCT_NAME = "$(TARGET_NAME)";
				TEST_HOST = "$(BUILT_PRODUCTS_DIR)/DreamNote.app/DreamNote";
			};
			name = Release;
		};
/* End XCBuildConfiguration section */

/* Begin XCConfigurationList section */
		195952331BE643DA001237B2 /* Build configuration list for PBXProject "DreamNote" */ = {
			isa = XCConfigurationList;
			buildConfigurations = (
				195952551BE643DA001237B2 /* Debug */,
				195952561BE643DA001237B2 /* Release */,
			);
			defaultConfigurationIsVisible = 0;
			defaultConfigurationName = Release;
		};
		195952571BE643DA001237B2 /* Build configuration list for PBXNativeTarget "DreamNote" */ = {
			isa = XCConfigurationList;
			buildConfigurations = (
				195952581BE643DA001237B2 /* Debug */,
				195952591BE643DA001237B2 /* Release */,
			);
			defaultConfigurationIsVisible = 0;
		};
		1959525A1BE643DA001237B2 /* Build configuration list for PBXNativeTarget "DreamNoteTests" */ = {
			isa = XCConfigurationList;
			buildConfigurations = (
				1959525B1BE643DA001237B2 /* Debug */,
				1959525C1BE643DA001237B2 /* Release */,
			);
			defaultConfigurationIsVisible = 0;
		};
/* End XCConfigurationList section */
	};
	rootObject = 195952301BE643DA001237B2 /* Project object */;
}
